# Auto-generated by sunstone. Do not edit manually.
inputs:
  - slug: official-un-member-states
    content_hash: sha256:79eb52b8e586d1ada0ccebb46c4003bf2480c5103e861f91b74fd5a0dd580f51
  - slug: un-member-states-sample-excel
    content_hash: sha256:50bf852f2a04ce9e6f7fe912cbabd6400d68a437152d3bd55d44901f6d3e46fe
outputs:
  - slug: current-un-member-states
    created_at: '2025-12-04T03:04:16.508497'
    sources:
      - slug: official-un-member-states
